
Microsoft Visual Studio Solution File, Format Version 12.00
# Visual Studio Version 16
VisualStudioVersion = 16.0.30907.101
MinimumVisualStudioVersion = 10.0.40219.1
Project("{FAE04EC0-301F-11D3-BF4B-00C04F79EFBC}") = "LoginMVC", "LoginMVC\LoginMVC.csproj", "{83E77D8C-6BFC-4BB5-8E96-821C57870D90}"
EndProject
Global
	GlobalSection(SolutionConfigurationPlatforms) = preSolution
		Debug|Any CPU = Debug|Any CPU
		Release|Any CPU = Release|Any CPU
	EndGlobalSection
	GlobalSection(ProjectConfigurationPlatforms) = postSolution
		{83E77D8C-6BFC-4BB5-8E96-821C57870D90}.Debug|Any CPU.ActiveCfg = Debug|Any CPU
		{83E77D8C-6BFC-4BB5-8E96-821C57870D90}.Debug|Any CPU.Build.0 = Debug|Any CPU
		{83E77D8C-6BFC-4BB5-8E96-821C57870D90}.Release|Any CPU.ActiveCfg = Release|Any CPU
		{83E77D8C-6BFC-4BB5-8E96-821C57870D90}.Release|Any CPU.Build.0 = Release|Any CPU
	EndGlobalSection
	GlobalSection(SolutionProperties) = preSolution
		HideSolutionNode = FALSE
	EndGlobalSection
	GlobalSection(ExtensibilityGlobals) = postSolution
		SolutionGuid = {2265F3D4-0905-49D2-AB0C-2342ADF4D038}
	EndGlobalSection
EndGlobal
